
Microsoft Visual Studio Solution File, Format Version 12.00
# Visual Studio 15
VisualStudioVersion = 15.0.28307.1433
MinimumVisualStudioVersion = 10.0.40219.1
Project("{FAE04EC0-301F-11D3-BF4B-00C04F79EFBC}") = "APIDataCapture", "APIDataCapture\APIDataCapture.csproj", "{748EA461-300F-459B-AC02-0C829184695B}"
EndProject
Project("{FAE04EC0-301F-11D3-BF4B-00C04F79EFBC}") = "APIConnection", "APIConnection\APIConnection.csproj", "{E1A7F9EA-8B22-4B46-A3CA-8A7E24239B4D}"
EndProject
Project("{FAE04EC0-301F-11D3-BF4B-00C04F79EFBC}") = "Service", "Service\Service.csproj", "{900C42AD-DFBD-4761-A982-3AAC99D855EB}"
EndProject
Project("{FAE04EC0-301F-11D3-BF4B-00C04F79EFBC}") = "Repository", "Repository\Repository.csproj", "{8FBFD230-CA60-4DEC-8E7B-2B7F110E67BF}"
EndProject
Project("{FAE04EC0-301F-11D3-BF4B-00C04F79EFBC}") = "Model", "Model\Model.csproj", "{D411ABBC-6D0D-4CAE-A817-1AD132380323}"
EndProject
Global
	GlobalSection(SolutionConfigurationPlatforms) = preSolution
		Debug|Any CPU = Debug|Any CPU
		Release|Any CPU = Release|Any CPU
	EndGlobalSection
	GlobalSection(ProjectConfigurationPlatforms) = postSolution
		{748EA461-300F-459B-AC02-0C829184695B}.Debug|Any CPU.ActiveCfg = Debug|Any CPU
		{748EA461-300F-459B-AC02-0C829184695B}.Debug|Any CPU.Build.0 = Debug|Any CPU
		{748EA461-300F-459B-AC02-0C829184695B}.Release|Any CPU.ActiveCfg = Release|Any CPU
		{748EA461-300F-459B-AC02-0C829184695B}.Release|Any CPU.Build.0 = Release|Any CPU
		{E1A7F9EA-8B22-4B46-A3CA-8A7E24239B4D}.Debug|Any CPU.ActiveCfg = Debug|Any CPU
		{E1A7F9EA-8B22-4B46-A3CA-8A7E24239B4D}.Debug|Any CPU.Build.0 = Debug|Any CPU
		{E1A7F9EA-8B22-4B46-A3CA-8A7E24239B4D}.Release|Any CPU.ActiveCfg = Release|Any CPU
		{E1A7F9EA-8B22-4B46-A3CA-8A7E24239B4D}.Release|Any CPU.Build.0 = Release|Any CPU
		{900C42AD-DFBD-4761-A982-3AAC99D855EB}.Debug|Any CPU.ActiveCfg = Debug|Any CPU
		{900C42AD-DFBD-4761-A982-3AAC99D855EB}.Debug|Any CPU.Build.0 = Debug|Any CPU
		{900C42AD-DFBD-4761-A982-3AAC99D855EB}.Release|Any CPU.ActiveCfg = Release|Any CPU
		{900C42AD-DFBD-4761-A982-3AAC99D855EB}.Release|Any CPU.Build.0 = Release|Any CPU
		{8FBFD230-CA60-4DEC-8E7B-2B7F110E67BF}.Debug|Any CPU.ActiveCfg = Debug|Any CPU
		{8FBFD230-CA60-4DEC-8E7B-2B7F110E67BF}.Debug|Any CPU.Build.0 = Debug|Any CPU
		{8FBFD230-CA60-4DEC-8E7B-2B7F110E67BF}.Release|Any CPU.ActiveCfg = Release|Any CPU
		{8FBFD230-CA60-4DEC-8E7B-2B7F110E67BF}.Release|Any CPU.Build.0 = Release|Any CPU
		{D411ABBC-6D0D-4CAE-A817-1AD132380323}.Debug|Any CPU.ActiveCfg = Debug|Any CPU
		{D411ABBC-6D0D-4CAE-A817-1AD132380323}.Debug|Any CPU.Build.0 = Debug|Any CPU
		{D411ABBC-6D0D-4CAE-A817-1AD132380323}.Release|Any CPU.ActiveCfg = Release|Any CPU
		{D411ABBC-6D0D-4CAE-A817-1AD132380323}.Release|Any CPU.Build.0 = Release|Any CPU
	EndGlobalSection
	GlobalSection(SolutionProperties) = preSolution
		HideSolutionNode = FALSE
	EndGlobalSection
	GlobalSection(ExtensibilityGlobals) = postSolution
		SolutionGuid = {CD0F9D65-EE15-480D-B3B6-5C14034CE92F}
	EndGlobalSection
EndGlobal
